
Microsoft Visual Studio Solution File, Format Version 12.00
# Visual Studio Version 16
VisualStudioVersion = 16.0.810.8
MinimumVisualStudioVersion = 10.0.40219.1
Project("{FAE04EC0-301F-11D3-BF4B-00C04F79EFBC}") = "mParticle.Xamarin.iOS.Sample", "mParticle.Xamarin.iOS.Sample.csproj", "{1887BD53-FB1B-411F-84E1-72825438924D}"
EndProject
Global
	GlobalSection(SolutionConfigurationPlatforms) = preSolution
		Debug|iPhoneSimulator = Debug|iPhoneSimulator
		Release|iPhone = Release|iPhone
		Release|iPhoneSimulator = Release|iPhoneSimulator
		Debug|iPhone = Debug|iPhone
	EndGlobalSection
	GlobalSection(ProjectConfigurationPlatforms) = postSolution
		{1887BD53-FB1B-411F-84E1-72825438924D}.Debug|iPhoneSimulator.ActiveCfg = Debug|iPhoneSimulator
		{1887BD53-FB1B-411F-84E1-72825438924D}.Debug|iPhoneSimulator.Build.0 = Debug|iPhoneSimulator
		{1887BD53-FB1B-411F-84E1-72825438924D}.Release|iPhone.ActiveCfg = Release|iPhone
		{1887BD53-FB1B-411F-84E1-72825438924D}.Release|iPhone.Build.0 = Release|iPhone
		{1887BD53-FB1B-411F-84E1-72825438924D}.Release|iPhoneSimulator.ActiveCfg = Release|iPhoneSimulator
		{1887BD53-FB1B-411F-84E1-72825438924D}.Release|iPhoneSimulator.Build.0 = Release|iPhoneSimulator
		{1887BD53-FB1B-411F-84E1-72825438924D}.Debug|iPhone.ActiveCfg = Debug|iPhone
		{1887BD53-FB1B-411F-84E1-72825438924D}.Debug|iPhone.Build.0 = Debug|iPhone
	EndGlobalSection
	GlobalSection(SolutionProperties) = preSolution
		HideSolutionNode = FALSE
	EndGlobalSection
	GlobalSection(ExtensibilityGlobals) = postSolution
		SolutionGuid = {A722D324-AEA3-4B9F-B245-A12A17F598D8}
	EndGlobalSection
EndGlobal
