
Microsoft Visual Studio Solution File, Format Version 12.00
# Visual Studio 15
VisualStudioVersion = 15.0.26430.16
MinimumVisualStudioVersion = 10.0.40219.1
Project("{FAE04EC0-301F-11D3-BF4B-00C04F79EFBC}") = "mParticle.Xamarin.AndroidBinding", "Bindings\mParticle.Xamarin.AndroidBinding\mParticle.Xamarin.AndroidBinding.csproj", "{E0080FC5-C96B-4C96-9C05-CE109BEE0CAD}"
EndProject
Project("{FAE04EC0-301F-11D3-BF4B-00C04F79EFBC}") = "mParticle.Xamarin.iOSBinding", "Bindings\mParticle.Xamarin.iOSBinding\mParticle.Xamarin.iOSBinding.csproj", "{ED57F40A-27CB-4D5C-8DD4-2A6DB10D48AE}"
EndProject
Project("{FAE04EC0-301F-11D3-BF4B-00C04F79EFBC}") = "mParticle.Xamarin.Android", "Library\mParticle.Xamarin.Android\mParticle.Xamarin.Android.csproj", "{FBE246D1-5B52-463F-B6AB-E7DC9460997B}"
EndProject
Project("{FAE04EC0-301F-11D3-BF4B-00C04F79EFBC}") = "mParticle.Xamarin.iOS", "Library\mParticle.Xamarin.iOS\mParticle.Xamarin.iOS.csproj", "{87D8714A-2E66-487D-860D-72448B61601D}"
EndProject
Project("{FAE04EC0-301F-11D3-BF4B-00C04F79EFBC}") = "mParticle.Xamarin.Abstractions", "Library\mParticle.Xamarin.Abstractions\mParticle.Xamarin.Abstractions.csproj", "{0AC58B2A-AE07-49FE-A35C-916AAD11F4D9}"
EndProject
Project("{FAE04EC0-301F-11D3-BF4B-00C04F79EFBC}") = "mParticle.Xamarin", "Library\mParticle.Xamarin\mParticle.Xamarin.csproj", "{4A3CD500-2CD1-4486-944B-F506F0FBB0AF}"
EndProject
Project("{2150E333-8FDC-42A3-9474-1A3956D46DE8}") = "Library", "Library", "{EEC83D55-F89E-4847-980E-2D69046B1ED4}"
EndProject
Project("{2150E333-8FDC-42A3-9474-1A3956D46DE8}") = "Bindings", "Bindings", "{78CEF67C-E338-4172-B367-6F4BA1C59D0E}"
EndProject
Project("{FAE04EC0-301F-11D3-BF4B-00C04F79EFBC}") = "mParticle.Xamarin.iOS.Sample", "Samples\mParticle.Xamarin.iOS.Sample\mParticle.Xamarin.iOS.Sample.csproj", "{1887BD53-FB1B-411F-84E1-72825438924D}"
EndProject
Project("{FAE04EC0-301F-11D3-BF4B-00C04F79EFBC}") = "mParticle.Xamarin.Android.Sample", "Samples\mParticle.Xamarin.Android.Sample\mParticle.Xamarin.Android.Sample.csproj", "{87A788E8-23A1-4E0B-BE7E-5701345153B5}"
EndProject
Project("{D954291E-2A0B-460D-934E-DC6B0785DB48}") = "mParticle.Xamarin.Sample.Shared", "Samples\mParticle.Xamarin.Sample.Shared\mParticle.Xamarin.Sample.Shared.shproj", "{581AC67A-8536-4DC8-95E3-A52CFD4F5A8A}"
EndProject
Project("{2150E333-8FDC-42A3-9474-1A3956D46DE8}") = "Samples", "Samples", "{217F201D-2D30-4E52-BABC-872D139F35AA}"
EndProject
Project("{D954291E-2A0B-460D-934E-DC6B0785DB48}") = "mParticle.Xamarin.Forms.Sample", "Samples\mParticle.Xamarin.Forms.Sample\mParticle.Xamarin.Forms.Sample.shproj", "{4E0BE900-7E3E-41CB-85B8-EBB7CB38A514}"
EndProject
Project("{FAE04EC0-301F-11D3-BF4B-00C04F79EFBC}") = "mParticle.Xamarin.Forms.Sample.iOS", "Samples\mParticle.Xamarin.Forms.Sample.iOS\mParticle.Xamarin.Forms.Sample.iOS.csproj", "{D409D728-4FAB-4C61-8E1B-09B02FD9AADC}"
EndProject
Project("{FAE04EC0-301F-11D3-BF4B-00C04F79EFBC}") = "mParticle.Xamarin.Forms.Sample.Droid", "Samples\mParticle.Xamarin.Forms.Sample.Droid\mParticle.Xamarin.Forms.Sample.Droid.csproj", "{E8392111-921E-414B-A16A-A8735A9262C9}"
EndProject
Project("{2150E333-8FDC-42A3-9474-1A3956D46DE8}") = "Native", "Native", "{83ED7A63-FEFA-400A-AA56-049EFB895E76}"
EndProject
Project("{2150E333-8FDC-42A3-9474-1A3956D46DE8}") = "Forms", "Forms", "{9DDF491F-3F08-48BE-AAEF-A5BB57FBBA77}"
EndProject
Global
	GlobalSection(SolutionConfigurationPlatforms) = preSolution
		Debug|Any CPU = Debug|Any CPU
		Release|Any CPU = Release|Any CPU
		Debug|iPhoneSimulator = Debug|iPhoneSimulator
		Release|iPhone = Release|iPhone
		Release|iPhoneSimulator = Release|iPhoneSimulator
		Debug|iPhone = Debug|iPhone
	EndGlobalSection
	GlobalSection(ProjectConfigurationPlatforms) = postSolution
    {1887BD53-FB1B-411F-84E1-72825438924D}.Debug|Any CPU.ActiveCfg = Debug|iPhoneSimulator
        {1887BD53-FB1B-411F-84E1-72825438924D}.Debug|Any CPU.Build.0 = Debug|iPhoneSimulator
        {1887BD53-FB1B-411F-84E1-72825438924D}.Release|Any CPU.ActiveCfg = Release|iPhone
        {1887BD53-FB1B-411F-84E1-72825438924D}.Release|Any CPU.Build.0 = Release|iPhone
        {1887BD53-FB1B-411F-84E1-72825438924D}.Debug|iPhoneSimulator.ActiveCfg = Debug|iPhoneSimulator
        {1887BD53-FB1B-411F-84E1-72825438924D}.Debug|iPhoneSimulator.Build.0 = Debug|iPhoneSimulator
        {1887BD53-FB1B-411F-84E1-72825438924D}.Release|iPhone.ActiveCfg = Release|iPhone
        {1887BD53-FB1B-411F-84E1-72825438924D}.Release|iPhone.Build.0 = Release|iPhone
        {1887BD53-FB1B-411F-84E1-72825438924D}.Release|iPhoneSimulator.ActiveCfg = Release|iPhoneSimulator
        {1887BD53-FB1B-411F-84E1-72825438924D}.Release|iPhoneSimulator.Build.0 = Release|iPhoneSimulator
        {1887BD53-FB1B-411F-84E1-72825438924D}.Debug|iPhone.ActiveCfg = Debug|iPhone
        {1887BD53-FB1B-411F-84E1-72825438924D}.Debug|iPhone.Build.0 = Debug|iPhone
        {87A788E8-23A1-4E0B-BE7E-5701345153B5}.Debug|Any CPU.ActiveCfg = Debug|Any CPU
        {87A788E8-23A1-4E0B-BE7E-5701345153B5}.Debug|Any CPU.Build.0 = Debug|Any CPU
        {87A788E8-23A1-4E0B-BE7E-5701345153B5}.Release|Any CPU.ActiveCfg = Release|Any CPU
        {87A788E8-23A1-4E0B-BE7E-5701345153B5}.Release|Any CPU.Build.0 = Release|Any CPU
        {87A788E8-23A1-4E0B-BE7E-5701345153B5}.Debug|iPhoneSimulator.ActiveCfg = Debug|Any CPU
        {87A788E8-23A1-4E0B-BE7E-5701345153B5}.Debug|iPhoneSimulator.Build.0 = Debug|Any CPU
        {87A788E8-23A1-4E0B-BE7E-5701345153B5}.Release|iPhone.ActiveCfg = Release|Any CPU
        {87A788E8-23A1-4E0B-BE7E-5701345153B5}.Release|iPhone.Build.0 = Release|Any CPU
        {87A788E8-23A1-4E0B-BE7E-5701345153B5}.Release|iPhoneSimulator.ActiveCfg = Release|Any CPU
        {87A788E8-23A1-4E0B-BE7E-5701345153B5}.Release|iPhoneSimulator.Build.0 = Release|Any CPU
        {87A788E8-23A1-4E0B-BE7E-5701345153B5}.Debug|iPhone.ActiveCfg = Debug|Any CPU
        {87A788E8-23A1-4E0B-BE7E-5701345153B5}.Debug|iPhone.Build.0 = Debug|Any CPU
		{E0080FC5-C96B-4C96-9C05-CE109BEE0CAD}.Debug|Any CPU.ActiveCfg = Debug|Any CPU
		{E0080FC5-C96B-4C96-9C05-CE109BEE0CAD}.Debug|Any CPU.Build.0 = Debug|Any CPU
		{E0080FC5-C96B-4C96-9C05-CE109BEE0CAD}.Release|Any CPU.ActiveCfg = Release|Any CPU
		{E0080FC5-C96B-4C96-9C05-CE109BEE0CAD}.Release|Any CPU.Build.0 = Release|Any CPU
		{E0080FC5-C96B-4C96-9C05-CE109BEE0CAD}.Debug|iPhoneSimulator.ActiveCfg = Debug|Any CPU
		{E0080FC5-C96B-4C96-9C05-CE109BEE0CAD}.Debug|iPhoneSimulator.Build.0 = Debug|Any CPU
		{E0080FC5-C96B-4C96-9C05-CE109BEE0CAD}.Release|iPhone.ActiveCfg = Release|Any CPU
		{E0080FC5-C96B-4C96-9C05-CE109BEE0CAD}.Release|iPhone.Build.0 = Release|Any CPU
		{E0080FC5-C96B-4C96-9C05-CE109BEE0CAD}.Release|iPhoneSimulator.ActiveCfg = Release|Any CPU
		{E0080FC5-C96B-4C96-9C05-CE109BEE0CAD}.Release|iPhoneSimulator.Build.0 = Release|Any CPU
		{E0080FC5-C96B-4C96-9C05-CE109BEE0CAD}.Debug|iPhone.ActiveCfg = Debug|Any CPU
		{E0080FC5-C96B-4C96-9C05-CE109BEE0CAD}.Debug|iPhone.Build.0 = Debug|Any CPU
		{ED57F40A-27CB-4D5C-8DD4-2A6DB10D48AE}.Debug|Any CPU.ActiveCfg = Debug|Any CPU
		{ED57F40A-27CB-4D5C-8DD4-2A6DB10D48AE}.Debug|Any CPU.Build.0 = Debug|Any CPU
		{ED57F40A-27CB-4D5C-8DD4-2A6DB10D48AE}.Release|Any CPU.ActiveCfg = Release|Any CPU
		{ED57F40A-27CB-4D5C-8DD4-2A6DB10D48AE}.Release|Any CPU.Build.0 = Release|Any CPU
		{ED57F40A-27CB-4D5C-8DD4-2A6DB10D48AE}.Debug|iPhoneSimulator.ActiveCfg = Debug|Any CPU
		{ED57F40A-27CB-4D5C-8DD4-2A6DB10D48AE}.Debug|iPhoneSimulator.Build.0 = Debug|Any CPU
		{ED57F40A-27CB-4D5C-8DD4-2A6DB10D48AE}.Release|iPhone.ActiveCfg = Release|Any CPU
		{ED57F40A-27CB-4D5C-8DD4-2A6DB10D48AE}.Release|iPhone.Build.0 = Release|Any CPU
		{ED57F40A-27CB-4D5C-8DD4-2A6DB10D48AE}.Release|iPhoneSimulator.ActiveCfg = Release|Any CPU
		{ED57F40A-27CB-4D5C-8DD4-2A6DB10D48AE}.Release|iPhoneSimulator.Build.0 = Release|Any CPU
		{ED57F40A-27CB-4D5C-8DD4-2A6DB10D48AE}.Debug|iPhone.ActiveCfg = Debug|Any CPU
		{ED57F40A-27CB-4D5C-8DD4-2A6DB10D48AE}.Debug|iPhone.Build.0 = Debug|Any CPU
        {FBE246D1-5B52-463F-B6AB-E7DC9460997B}.Debug|Any CPU.ActiveCfg = Debug|Any CPU
		{FBE246D1-5B52-463F-B6AB-E7DC9460997B}.Debug|Any CPU.Build.0 = Debug|Any CPU
		{FBE246D1-5B52-463F-B6AB-E7DC9460997B}.Release|Any CPU.ActiveCfg = Release|Any CPU
		{FBE246D1-5B52-463F-B6AB-E7DC9460997B}.Release|Any CPU.Build.0 = Release|Any CPU
		{FBE246D1-5B52-463F-B6AB-E7DC9460997B}.Debug|iPhoneSimulator.ActiveCfg = Debug|Any CPU
		{FBE246D1-5B52-463F-B6AB-E7DC9460997B}.Debug|iPhoneSimulator.Build.0 = Debug|Any CPU
		{FBE246D1-5B52-463F-B6AB-E7DC9460997B}.Release|iPhone.ActiveCfg = Release|Any CPU
		{FBE246D1-5B52-463F-B6AB-E7DC9460997B}.Release|iPhone.Build.0 = Release|Any CPU
		{FBE246D1-5B52-463F-B6AB-E7DC9460997B}.Release|iPhoneSimulator.ActiveCfg = Release|Any CPU
		{FBE246D1-5B52-463F-B6AB-E7DC9460997B}.Release|iPhoneSimulator.Build.0 = Release|Any CPU
		{FBE246D1-5B52-463F-B6AB-E7DC9460997B}.Debug|iPhone.ActiveCfg = Debug|Any CPU
		{FBE246D1-5B52-463F-B6AB-E7DC9460997B}.Debug|iPhone.Build.0 = Debug|Any CPU
		{87D8714A-2E66-487D-860D-72448B61601D}.Debug|Any CPU.ActiveCfg = Debug|Any CPU
		{87D8714A-2E66-487D-860D-72448B61601D}.Debug|Any CPU.Build.0 = Debug|Any CPU
		{87D8714A-2E66-487D-860D-72448B61601D}.Release|Any CPU.ActiveCfg = Release|Any CPU
		{87D8714A-2E66-487D-860D-72448B61601D}.Release|Any CPU.Build.0 = Release|Any CPU
		{87D8714A-2E66-487D-860D-72448B61601D}.Debug|iPhoneSimulator.ActiveCfg = Debug|Any CPU
		{87D8714A-2E66-487D-860D-72448B61601D}.Debug|iPhoneSimulator.Build.0 = Debug|Any CPU
		{87D8714A-2E66-487D-860D-72448B61601D}.Release|iPhone.ActiveCfg = Release|Any CPU
		{87D8714A-2E66-487D-860D-72448B61601D}.Release|iPhone.Build.0 = Release|Any CPU
		{87D8714A-2E66-487D-860D-72448B61601D}.Release|iPhoneSimulator.ActiveCfg = Release|Any CPU
		{87D8714A-2E66-487D-860D-72448B61601D}.Release|iPhoneSimulator.Build.0 = Release|Any CPU
		{87D8714A-2E66-487D-860D-72448B61601D}.Debug|iPhone.ActiveCfg = Debug|Any CPU
		{87D8714A-2E66-487D-860D-72448B61601D}.Debug|iPhone.Build.0 = Debug|Any CPU
		{0AC58B2A-AE07-49FE-A35C-916AAD11F4D9}.Debug|Any CPU.ActiveCfg = Debug|Any CPU
		{0AC58B2A-AE07-49FE-A35C-916AAD11F4D9}.Debug|Any CPU.Build.0 = Debug|Any CPU
		{0AC58B2A-AE07-49FE-A35C-916AAD11F4D9}.Release|Any CPU.ActiveCfg = Release|Any CPU
		{0AC58B2A-AE07-49FE-A35C-916AAD11F4D9}.Release|Any CPU.Build.0 = Release|Any CPU
		{0AC58B2A-AE07-49FE-A35C-916AAD11F4D9}.Debug|iPhoneSimulator.ActiveCfg = Debug|Any CPU
		{0AC58B2A-AE07-49FE-A35C-916AAD11F4D9}.Debug|iPhoneSimulator.Build.0 = Debug|Any CPU
		{0AC58B2A-AE07-49FE-A35C-916AAD11F4D9}.Release|iPhone.ActiveCfg = Release|Any CPU
		{0AC58B2A-AE07-49FE-A35C-916AAD11F4D9}.Release|iPhone.Build.0 = Release|Any CPU
		{0AC58B2A-AE07-49FE-A35C-916AAD11F4D9}.Release|iPhoneSimulator.ActiveCfg = Release|Any CPU
		{0AC58B2A-AE07-49FE-A35C-916AAD11F4D9}.Release|iPhoneSimulator.Build.0 = Release|Any CPU
		{0AC58B2A-AE07-49FE-A35C-916AAD11F4D9}.Debug|iPhone.ActiveCfg = Debug|Any CPU
		{0AC58B2A-AE07-49FE-A35C-916AAD11F4D9}.Debug|iPhone.Build.0 = Debug|Any CPU
		{4A3CD500-2CD1-4486-944B-F506F0FBB0AF}.Debug|Any CPU.ActiveCfg = Debug|Any CPU
		{4A3CD500-2CD1-4486-944B-F506F0FBB0AF}.Debug|Any CPU.Build.0 = Debug|Any CPU
		{4A3CD500-2CD1-4486-944B-F506F0FBB0AF}.Release|Any CPU.ActiveCfg = Release|Any CPU
		{4A3CD500-2CD1-4486-944B-F506F0FBB0AF}.Release|Any CPU.Build.0 = Release|Any CPU
		{4A3CD500-2CD1-4486-944B-F506F0FBB0AF}.Debug|iPhoneSimulator.ActiveCfg = Debug|Any CPU
		{4A3CD500-2CD1-4486-944B-F506F0FBB0AF}.Debug|iPhoneSimulator.Build.0 = Debug|Any CPU
		{4A3CD500-2CD1-4486-944B-F506F0FBB0AF}.Release|iPhone.ActiveCfg = Release|Any CPU
		{4A3CD500-2CD1-4486-944B-F506F0FBB0AF}.Release|iPhone.Build.0 = Release|Any CPU
		{4A3CD500-2CD1-4486-944B-F506F0FBB0AF}.Release|iPhoneSimulator.ActiveCfg = Release|Any CPU
		{4A3CD500-2CD1-4486-944B-F506F0FBB0AF}.Release|iPhoneSimulator.Build.0 = Release|Any CPU
		{4A3CD500-2CD1-4486-944B-F506F0FBB0AF}.Debug|iPhone.ActiveCfg = Debug|Any CPU
		{4A3CD500-2CD1-4486-944B-F506F0FBB0AF}.Debug|iPhone.Build.0 = Debug|Any CPU
        {D409D728-4FAB-4C61-8E1B-09B02FD9AADC}.Debug|Any CPU.ActiveCfg = Debug|iPhoneSimulator
        {D409D728-4FAB-4C61-8E1B-09B02FD9AADC}.Debug|Any CPU.Build.0 = Debug|iPhoneSimulator
        {D409D728-4FAB-4C61-8E1B-09B02FD9AADC}.Release|Any CPU.ActiveCfg = Release|iPhone
        {D409D728-4FAB-4C61-8E1B-09B02FD9AADC}.Release|Any CPU.Build.0 = Release|iPhone
        {D409D728-4FAB-4C61-8E1B-09B02FD9AADC}.Debug|iPhoneSimulator.ActiveCfg = Debug|iPhoneSimulator
        {D409D728-4FAB-4C61-8E1B-09B02FD9AADC}.Debug|iPhoneSimulator.Build.0 = Debug|iPhoneSimulator
        {D409D728-4FAB-4C61-8E1B-09B02FD9AADC}.Release|iPhone.ActiveCfg = Release|iPhone
        {D409D728-4FAB-4C61-8E1B-09B02FD9AADC}.Release|iPhone.Build.0 = Release|iPhone
        {D409D728-4FAB-4C61-8E1B-09B02FD9AADC}.Release|iPhoneSimulator.ActiveCfg = Release|iPhoneSimulator
        {D409D728-4FAB-4C61-8E1B-09B02FD9AADC}.Release|iPhoneSimulator.Build.0 = Release|iPhoneSimulator
        {D409D728-4FAB-4C61-8E1B-09B02FD9AADC}.Debug|iPhone.ActiveCfg = Debug|iPhone
        {D409D728-4FAB-4C61-8E1B-09B02FD9AADC}.Debug|iPhone.Build.0 = Debug|iPhone
        {E8392111-921E-414B-A16A-A8735A9262C9}.Debug|Any CPU.ActiveCfg = Debug|Any CPU
        {E8392111-921E-414B-A16A-A8735A9262C9}.Debug|Any CPU.Build.0 = Debug|Any CPU
        {E8392111-921E-414B-A16A-A8735A9262C9}.Release|Any CPU.ActiveCfg = Release|Any CPU
        {E8392111-921E-414B-A16A-A8735A9262C9}.Release|Any CPU.Build.0 = Release|Any CPU
        {E8392111-921E-414B-A16A-A8735A9262C9}.Debug|iPhoneSimulator.ActiveCfg = Debug|Any CPU
        {E8392111-921E-414B-A16A-A8735A9262C9}.Debug|iPhoneSimulator.Build.0 = Debug|Any CPU
        {E8392111-921E-414B-A16A-A8735A9262C9}.Release|iPhone.ActiveCfg = Release|Any CPU
        {E8392111-921E-414B-A16A-A8735A9262C9}.Release|iPhone.Build.0 = Release|Any CPU
        {E8392111-921E-414B-A16A-A8735A9262C9}.Release|iPhoneSimulator.ActiveCfg = Release|Any CPU
        {E8392111-921E-414B-A16A-A8735A9262C9}.Release|iPhoneSimulator.Build.0 = Release|Any CPU
        {E8392111-921E-414B-A16A-A8735A9262C9}.Debug|iPhone.ActiveCfg = Debug|Any CPU
        {E8392111-921E-414B-A16A-A8735A9262C9}.Debug|iPhone.Build.0 = Debug|Any CPU
	EndGlobalSection
	GlobalSection(SolutionProperties) = preSolution
		HideSolutionNode = FALSE
	EndGlobalSection
	GlobalSection(NestedProjects) = preSolution
		{4A3CD500-2CD1-4486-944B-F506F0FBB0AF} = {EEC83D55-F89E-4847-980E-2D69046B1ED4}
        {0AC58B2A-AE07-49FE-A35C-916AAD11F4D9} = {EEC83D55-F89E-4847-980E-2D69046B1ED4}
        {FBE246D1-5B52-463F-B6AB-E7DC9460997B} = {EEC83D55-F89E-4847-980E-2D69046B1ED4}
        {87D8714A-2E66-487D-860D-72448B61601D} = {EEC83D55-F89E-4847-980E-2D69046B1ED4}
        {E0080FC5-C96B-4C96-9C05-CE109BEE0CAD} = {78CEF67C-E338-4172-B367-6F4BA1C59D0E}
        {ED57F40A-27CB-4D5C-8DD4-2A6DB10D48AE} = {78CEF67C-E338-4172-B367-6F4BA1C59D0E}
        {87A788E8-23A1-4E0B-BE7E-5701345153B5} = {83ED7A63-FEFA-400A-AA56-049EFB895E76}
        {1887BD53-FB1B-411F-84E1-72825438924D} = {83ED7A63-FEFA-400A-AA56-049EFB895E76}
        {581AC67A-8536-4DC8-95E3-A52CFD4F5A8A} = {217F201D-2D30-4E52-BABC-872D139F35AA}
        {4E0BE900-7E3E-41CB-85B8-EBB7CB38A514} = {9DDF491F-3F08-48BE-AAEF-A5BB57FBBA77}
        {83ED7A63-FEFA-400A-AA56-049EFB895E76} = {217F201D-2D30-4E52-BABC-872D139F35AA}
        {9DDF491F-3F08-48BE-AAEF-A5BB57FBBA77} = {217F201D-2D30-4E52-BABC-872D139F35AA}
        {D409D728-4FAB-4C61-8E1B-09B02FD9AADC} = {9DDF491F-3F08-48BE-AAEF-A5BB57FBBA77}
        {E8392111-921E-414B-A16A-A8735A9262C9} = {9DDF491F-3F08-48BE-AAEF-A5BB57FBBA77}
	EndGlobalSection
EndGlobal
